
Microsoft Visual Studio Solution File, Format Version 12.00
# Visual Studio Version 17
VisualStudioVersion = 17.5.002.0
MinimumVisualStudioVersion = 10.0.40219.1
Project("{9A19103F-16F7-4668-BE54-9A1E7A4F7556}") = "KuaforProjesi", "KuaforProjesi.csproj", "{66B5E425-467F-4360-87EC-44766BB29E25}"
EndProject
Global
	GlobalSection(SolutionConfigurationPlatforms) = preSolution
		Debug|Any CPU = Debug|Any CPU
		Release|Any CPU = Release|Any CPU
	EndGlobalSection
	GlobalSection(ProjectConfigurationPlatforms) = postSolution
		{66B5E425-467F-4360-87EC-44766BB29E25}.Debug|Any CPU.ActiveCfg = Debug|Any CPU
		{66B5E425-467F-4360-87EC-44766BB29E25}.Debug|Any CPU.Build.0 = Debug|Any CPU
		{66B5E425-467F-4360-87EC-44766BB29E25}.Release|Any CPU.ActiveCfg = Release|Any CPU
		{66B5E425-467F-4360-87EC-44766BB29E25}.Release|Any CPU.Build.0 = Release|Any CPU
	EndGlobalSection
	GlobalSection(SolutionProperties) = preSolution
		HideSolutionNode = FALSE
	EndGlobalSection
	GlobalSection(ExtensibilityGlobals) = postSolution
		SolutionGuid = {259B22E3-8D65-4133-B98A-FDC9232B42A7}
	EndGlobalSection
EndGlobal
